// !$*UTF8*$!
{
	archiveVersion = 1;
	classes = {
	};
	objectVersion = 55;
	objects = {

/* Begin PBXBuildFile section */
		84383EC42B94A3B8007AD003 /* AppDelegate.swift in Sources */ = {isa = PBXBuildFile; fileRef = 84383EC32B94A3B8007AD003 /* AppDelegate.swift */; };
		84383EC62B94A3B8007AD003 /* SceneDelegate.swift in Sources */ = {isa = PBXBuildFile; fileRef = 84383EC52B94A3B8007AD003 /* SceneDelegate.swift */; };
		84383EC82B94A3B8007AD003 /* ViewController.swift in Sources */ = {isa = PBXBuildFile; fileRef = 84383EC72B94A3B8007AD003 /* ViewController.swift */; };
		84383ECB2B94A3B8007AD003 /* Main.storyboard in Resources */ = {isa = PBXBuildFile; fileRef = 84383EC92B94A3B8007AD003 /* Main.storyboard */; };
		84383ECD2B94A3BA007AD003 /* Assets.xcassets in Resources */ = {isa = PBXBuildFile; fileRef = 84383ECC2B94A3BA007AD003 /* Assets.xcassets */; };
		84383ED02B94A3BA007AD003 /* LaunchScreen.storyboard in Resources */ = {isa = PBXBuildFile; fileRef = 84383ECE2B94A3BA007AD003 /* LaunchScreen.storyboard */; };
		84383ED92B94A42E007AD003 /* StudentTableViewCell.swift in Sources */ = {isa = PBXBuildFile; fileRef = 84383ED72B94A42E007AD003 /* StudentTableViewCell.swift */; };
		84383EDA2B94A42E007AD003 /* StudentTableViewCell.xib in Resources */ = {isa = PBXBuildFile; fileRef = 84383ED82B94A42E007AD003 /* StudentTableViewCell.xib */; };
/* End PBXBuildFile section */

/* Begin PBXFileReference section */
		84383EC02B94A3B8007AD003 /* Assignment1_Basic_Style.app */ = {isa = PBXFileReference; explicitFileType = wrapper.application; includeInIndex = 0; path = Assignment1_Basic_Style.app; sourceTree = BUILT_PRODUCTS_DIR; };
		84383EC32B94A3B8007AD003 /* AppDelegate.swift */ = {isa = PBXFileReference; lastKnownFileType = sourcecode.swift; path = AppDelegate.swift; sourceTree = "<group>"; };
		84383EC52B94A3B8007AD003 /* SceneDelegate.swift */ = {isa = PBXFileReference; lastKnownFileType = sourcecode.swift; path = SceneDelegate.swift; sourceTree = "<group>"; };
		84383EC72B94A3B8007AD003 /* ViewController.swift */ = {isa = PBXFileReference; lastKnownFileType = sourcecode.swift; path = ViewController.swift; sourceTree = "<group>"; };
		84383ECA2B94A3B8007AD003 /* Base */ = {isa = PBXFileReference; lastKnownFileType = file.storyboard; name = Base; path = Base.lproj/Main.storyboard; sourceTree = "<group>"; };
		84383ECC2B94A3BA007AD003 /* Assets.xcassets */ = {isa = PBXFileReference; lastKnownFileType = folder.assetcatalog; path = Assets.xcassets; sourceTree = "<group>"; };
		84383ECF2B94A3BA007AD003 /* Base */ = {isa = PBXFileReference; lastKnownFileType = file.storyboard; name = Base; path = Base.lproj/LaunchScreen.storyboard; sourceTree = "<group>"; };
		84383ED12B94A3BA007AD003 /* Info.plist */ = {isa = PBXFileReference; lastKnownFileType = text.plist.xml; path = Info.plist; sourceTree = "<group>"; };
		84383ED72B94A42E007AD003 /* StudentTableViewCell.swift */ = {isa = PBXFileReference; lastKnownFileType = sourcecode.swift; path = StudentTableViewCell.swift; sourceTree = "<group>"; };
		84383ED82B94A42E007AD003 /* StudentTableViewCell.xib */ = {isa = PBXFileReference; lastKnownFileType = file.xib; path = StudentTableViewCell.xib; sourceTree = "<group>"; };
/* End PBXFileReference section */

/* Begin PBXFrameworksBuildPhase section */
		84383EBD2B94A3B8007AD003 /* Frameworks */ = {
			isa = PBXFrameworksBuildPhase;
			buildActionMask = 2147483647;
			files = (
			);
			runOnlyForDeploymentPostprocessing = 0;
		};
/* End PBXFrameworksBuildPhase section */

/* Begin PBXGroup section */
		84383EB72B94A3B8007AD003 = {
			isa = PBXGroup;
			children = (
				84383EC22B94A3B8007AD003 /* Assignment1_Basic_Style */,
				84383EC12B94A3B8007AD003 /* Products */,
			);
			sourceTree = "<group>";
		};
		84383EC12B94A3B8007AD003 /* Products */ = {
			isa = PBXGroup;
			children = (
				84383EC02B94A3B8007AD003 /* Assignment1_Basic_Style.app */,
			);
			name = Products;
			sourceTree = "<group>";
		};
		84383EC22B94A3B8007AD003 /* Assignment1_Basic_Style */ = {
			isa = PBXGroup;
			children = (
				84383EC32B94A3B8007AD003 /* AppDelegate.swift */,
				84383EC52B94A3B8007AD003 /* SceneDelegate.swift */,
				84383EC72B94A3B8007AD003 /* ViewController.swift */,
				84383EC92B94A3B8007AD003 /* Main.storyboard */,
				84383ECC2B94A3BA007AD003 /* Assets.xcassets */,
				84383ECE2B94A3BA007AD003 /* LaunchScreen.storyboard */,
				84383ED12B94A3BA007AD003 /* Info.plist */,
				84383ED72B94A42E007AD003 /* StudentTableViewCell.swift */,
				84383ED82B94A42E007AD003 /* StudentTableViewCell.xib */,
			);
			path = Assignment1_Basic_Style;
			sourceTree = "<group>";
		};
/* End PBXGroup section */

/* Begin PBXNativeTarget section */
		84383EBF2B94A3B8007AD003 /* Assignment1_Basic_Style */ = {
			isa = PBXNativeTarget;
			buildConfigurationList = 84383ED42B94A3BA007AD003 /* Build configuration list for PBXNativeTarget "Assignment1_Basic_Style" */;
			buildPhases = (
				84383EBC2B94A3B8007AD003 /* Sources */,
				84383EBD2B94A3B8007AD003 /* Frameworks */,
				84383EBE2B94A3B8007AD003 /* Resources */,
			);
			buildRules = (
			);
			dependencies = (
			);
			name = Assignment1_Basic_Style;
			productName = Assignment1_Basic_Style;
			productReference = 84383EC02B94A3B8007AD003 /* Assignment1_Basic_Style.app */;
			productType = "com.apple.product-type.application";
		};
/* End PBXNativeTarget section */

/* Begin PBXProject section */
		84383EB82B94A3B8007AD003 /* Project object */ = {
			isa = PBXProject;
			attributes = {
				BuildIndependentTargetsInParallel = 1;
				LastSwiftUpdateCheck = 1340;
				LastUpgradeCheck = 1340;
				TargetAttributes = {
					84383EBF2B94A3B8007AD003 = {
						CreatedOnToolsVersion = 13.4.1;
					};
				};
			};
			buildConfigurationList = 84383EBB2B94A3B8007AD003 /* Build configuration list for PBXProject "Assignment1_Basic_Style" */;
			compatibilityVersion = "Xcode 13.0";
			developmentRegion = en;
			hasScannedForEncodings = 0;
			knownRegions = (
				en,
				Base,
			);
			mainGroup = 84383EB72B94A3B8007AD003;
			productRefGroup = 84383EC12B94A3B8007AD003 /* Products */;
			projectDirPath = "";
			projectRoot = "";
			targets = (
				84383EBF2B94A3B8007AD003 /* Assignment1_Basic_Style */,
			);
		};
/* End PBXProject section */

/* Begin PBXResourcesBuildPhase section */
		84383EBE2B94A3B8007AD003 /* Resources */ = {
			isa = PBXResourcesBuildPhase;
			buildActionMask = 2147483647;
			files = (
				84383ED02B94A3BA007AD003 /* LaunchScreen.storyboard in Resources */,
				84383ECD2B94A3BA007AD003 /* Assets.xcassets in Resources */,
				84383ECB2B94A3B8007AD003 /* Main.storyboard in Resources */,
				84383EDA2B94A42E007AD003 /* StudentTableViewCell.xib in Resources */,
			);
			runOnlyForDeploymentPostprocessing = 0;
		};
/* End PBXResourcesBuildPhase section */

/* Begin PBXSourcesBuildPhase section */
		84383EBC2B94A3B8007AD003 /* Sources */ = {
			isa = PBXSourcesBuildPhase;
			buildActionMask = 2147483647;
			files = (
				84383EC82B94A3B8007AD003 /* ViewController.swift in Sources */,
				84383EC42B94A3B8007AD003 /* AppDelegate.swift in Sources */,
				84383EC62B94A3B8007AD003 /* SceneDelegate.swift in Sources */,
				84383ED92B94A42E007AD003 /* StudentTableViewCell.swift in Sources */,
			);
			runOnlyForDeploymentPostprocessing = 0;
		};
/* End PBXSourcesBuildPhase section */

/* Begin PBXVariantGroup section */
		84383EC92B94A3B8007AD003 /* Main.storyboard */ = {
			isa = PBXVariantGroup;
			children = (
				84383ECA2B94A3B8007AD003 /* Base */,
			);
			name = Main.storyboard;
			sourceTree = "<group>";
		};
		84383ECE2B94A3BA007AD003 /* LaunchScreen.storyboard */ = {
			isa = PBXVariantGroup;
			children = (
				84383ECF2B94A3BA007AD003 /* Base */,
			);
			name = LaunchScreen.storyboard;
			sourceTree = "<group>";
		};
/* End PBXVariantGroup section */

/* Begin XCBuildConfiguration section */
		84383ED22B94A3BA007AD003 /* Debug */ = {
			isa = XCBuildConfiguration;
			buildSettings = {
				ALWAYS_SEARCH_USER_PATHS = NO;
				CLANG_ANALYZER_NONNULL = YES;
				CLANG_ANALYZER_NUMBER_OBJECT_CONVERSION = YES_AGGRESSIVE;
				CLANG_CXX_LANGUAGE_STANDARD = "gnu++17";
				CLANG_ENABLE_MODULES = YES;
				CLANG_ENABLE_OBJC_ARC = YES;
				CLANG_ENABLE_OBJC_WEAK = YES;
				CLANG_WARN_BLOCK_CAPTURE_AUTORELEASING = YES;
				CLANG_WARN_BOOL_CONVERSION = YES;
				CLANG_WARN_COMMA = YES;
				CLANG_WARN_CONSTANT_CONVERSION = YES;
				CLANG_WARN_DEPRECATED_OBJC_IMPLEMENTATIONS = YES;
				CLANG_WARN_DIRECT_OBJC_ISA_USAGE = YES_ERROR;
				CLANG_WARN_DOCUMENTATION_COMMENTS = YES;
				CLANG_WARN_EMPTY_BODY = YES;
				CLANG_WARN_ENUM_CONVERSION = YES;
				CLANG_WARN_INFINITE_RECURSION = YES;
				CLANG_WARN_INT_CONVERSION = YES;
				CLANG_WARN_NON_LITERAL_NULL_CONVERSION = YES;
				CLANG_WARN_OBJC_IMPLICIT_RETAIN_SELF = YES;
				CLANG_WARN_OBJC_LITERAL_CONVERSION = YES;
				CLANG_WARN_OBJC_ROOT_CLASS = YES_ERROR;
				CLANG_WARN_QUOTED_INCLUDE_IN_FRAMEWORK_HEADER = YES;
				CLANG_WARN_RANGE_LOOP_ANALYSIS = YES;
				CLANG_WARN_STRICT_PROTOTYPES = YES;
				CLANG_WARN_SUSPICIOUS_MOVE = YES;
				CLANG_WARN_UNGUARDED_AVAILABILITY = YES_AGGRESSIVE;
				CLANG_WARN_UNREACHABLE_CODE = YES;
				CLANG_WARN__DUPLICATE_METHOD_MATCH = YES;
				COPY_PHASE_STRIP = NO;
				DEBUG_INFORMATION_FORMAT = dwarf;
				ENABLE_STRICT_OBJC_MSGSEND = YES;
				ENABLE_TESTABILITY = YES;
				GCC_C_LANGUAGE_STANDARD = gnu11;
				GCC_DYNAMIC_NO_PIC = NO;
				GCC_NO_COMMON_BLOCKS = YES;
				GCC_OPTIMIZATION_LEVEL = 0;
				GCC_PREPROCESSOR_DEFINITIONS = (
					"DEBUG=1",
					"$(inherited)",
				);
				GCC_WARN_64_TO_32_BIT_CONVERSION = YES;
				GCC_WARN_ABOUT_RETURN_TYPE = YES_ERROR;
				GCC_WARN_UNDECLARED_SELECTOR = YES;
				GCC_WARN_UNINITIALIZED_AUTOS = YES_AGGRESSIVE;
				GCC_WARN_UNUSED_FUNCTION = YES;
				GCC_WARN_UNUSED_VARIABLE = YES;
				IPHONEOS_DEPLOYMENT_TARGET = 15.5;
				MTL_ENABLE_DEBUG_INFO = INCLUDE_SOURCE;
				MTL_FAST_MATH = YES;
				ONLY_ACTIVE_ARCH = YES;
				SDKROOT = iphoneos;
				SWIFT_ACTIVE_COMPILATION_CONDITIONS = DEBUG;
				SWIFT_OPTIMIZATION_LEVEL = "-Onone";
			};
			name = Debug;
		};
		84383ED32B94A3BA007AD003 /* Release */ = {
			isa = XCBuildConfiguration;
			buildSettings = {
				ALWAYS_SEARCH_USER_PATHS = NO;
				CLANG_ANALYZER_NONNULL = YES;
				CLANG_ANALYZER_NUMBER_OBJECT_CONVERSION = YES_AGGRESSIVE;
				CLANG_CXX_LANGUAGE_STANDARD = "gnu++17";
				CLANG_ENABLE_MODULES = YES;
				CLANG_ENABLE_OBJC_ARC = YES;
				CLANG_ENABLE_OBJC_WEAK = YES;
				CLANG_WARN_BLOCK_CAPTURE_AUTORELEASING = YES;
				CLANG_WARN_BOOL_CONVERSION = YES;
				CLANG_WARN_COMMA = YES;
				CLANG_WARN_CONSTANT_CONVERSION = YES;
				CLANG_WARN_DEPRECATED_OBJC_IMPLEMENTATIONS = YES;
				CLANG_WARN_DIRECT_OBJC_ISA_USAGE = YES_ERROR;
				CLANG_WARN_DOCUMENTATION_COMMENTS = YES;
				CLANG_WARN_EMPTY_BODY = YES;
				CLANG_WARN_ENUM_CONVERSION = YES;
				CLANG_WARN_INFINITE_RECURSION = YES;
				CLANG_WARN_INT_CONVERSION = YES;
				CLANG_WARN_NON_LITERAL_NULL_CONVERSION = YES;
				CLANG_WARN_OBJC_IMPLICIT_RETAIN_SELF = YES;
				CLANG_WARN_OBJC_LITERAL_CONVERSION = YES;
				CLANG_WARN_OBJC_ROOT_CLASS = YES_ERROR;
				CLANG_WARN_QUOTED_INCLUDE_IN_FRAMEWORK_HEADER = YES;
				CLANG_WARN_RANGE_LOOP_ANALYSIS = YES;
				CLANG_WARN_STRICT_PROTOTYPES = YES;
				CLANG_WARN_SUSPICIOUS_MOVE = YES;
				CLANG_WARN_UNGUARDED_AVAILABILITY = YES_AGGRESSIVE;
				CLANG_WARN_UNREACHABLE_CODE = YES;
				CLANG_WARN__DUPLICATE_METHOD_MATCH = YES;
				COPY_PHASE_STRIP = NO;
				DEBUG_INFORMATION_FORMAT = "dwarf-with-dsym";
				ENABLE_NS_ASSERTIONS = NO;
				ENABLE_STRICT_OBJC_MSGSEND = YES;
				GCC_C_LANGUAGE_STANDARD = gnu11;
				GCC_NO_COMMON_BLOCKS = YES;
				GCC_WARN_64_TO_32_BIT_CONVERSION = YES;
				GCC_WARN_ABOUT_RETURN_TYPE = YES_ERROR;
				GCC_WARN_UNDECLARED_SELECTOR = YES;
				GCC_WARN_UNINITIALIZED_AUTOS = YES_AGGRESSIVE;
				GCC_WARN_UNUSED_FUNCTION = YES;
				GCC_WARN_UNUSED_VARIABLE = YES;
				IPHONEOS_DEPLOYMENT_TARGET = 15.5;
				MTL_ENABLE_DEBUG_INFO = NO;
				MTL_FAST_MATH = YES;
				SDKROOT = iphoneos;
				SWIFT_COMPILATION_MODE = wholemodule;
				SWIFT_OPTIMIZATION_LEVEL = "-O";
				VALIDATE_PRODUCT = YES;
			};
			name = Release;
		};
		84383ED52B94A3BA007AD003 /* Debug */ = {
			isa = XCBuildConfiguration;
			buildSettings = {
				ASSETCATALOG_COMPILER_APPICON_NAME = AppIcon;
				ASSETCATALOG_COMPILER_GLOBAL_ACCENT_COLOR_NAME = AccentColor;
				CODE_SIGN_STYLE = Automatic;
				CURRENT_PROJECT_VERSION = 1;
				GENERATE_INFOPLIST_FILE = YES;
				INFOPLIST_FILE = Assignment1_Basic_Style/Info.plist;
				INFOPLIST_KEY_UIApplicationSupportsIndirectInputEvents = YES;
				INFOPLIST_KEY_UILaunchStoryboardName = LaunchScreen;
				INFOPLIST_KEY_UIMainStoryboardFile = Main;
				INFOPLIST_KEY_UISupportedInterfaceOrientations_iPad = "UIInterfaceOrientationPortrait UIInterfaceOrientationPortraitUpsideDown UIInterfaceOrientationLandscapeLeft UIInterfaceOrientationLandscapeRight";
				INFOPLIST_KEY_UISupportedInterfaceOrientations_iPhone = "UIInterfaceOrientationPortrait UIInterfaceOrientationLandscapeLeft UIInterfaceOrientationLandscapeRight";
				LD_RUNPATH_SEARCH_PATHS = (
					"$(inherited)",
					"@executable_path/Frameworks",
				);
				MARKETING_VERSION = 1.0;
				PRODUCT_BUNDLE_IDENTIFIER = "Deepali-sabale.Assignment1-Basic-Style";
				PRODUCT_NAME = "$(TARGET_NAME)";
				SWIFT_EMIT_LOC_STRINGS = YES;
				SWIFT_VERSION = 5.0;
				TARGETED_DEVICE_FAMILY = "1,2";
			};
			name = Debug;
		};
		84383ED62B94A3BA007AD003 /* Release */ = {
			isa = XCBuildConfiguration;
			buildSettings = {
				ASSETCATALOG_COMPILER_APPICON_NAME = AppIcon;
				ASSETCATALOG_COMPILER_GLOBAL_ACCENT_COLOR_NAME = AccentColor;
				CODE_SIGN_STYLE = Automatic;
				CURRENT_PROJECT_VERSION = 1;
				GENERATE_INFOPLIST_FILE = YES;
				INFOPLIST_FILE = Assignment1_Basic_Style/Info.plist;
				INFOPLIST_KEY_UIApplicationSupportsIndirectInputEvents = YES;
				INFOPLIST_KEY_UILaunchStoryboardName = LaunchScreen;
				INFOPLIST_KEY_UIMainStoryboardFile = Main;
				INFOPLIST_KEY_UISupportedInterfaceOrientations_iPad = "UIInterfaceOrientationPortrait UIInterfaceOrientationPortraitUpsideDown UIInterfaceOrientationLandscapeLeft UIInterfaceOrientationLandscapeRight";
				INFOPLIST_KEY_UISupportedInterfaceOrientations_iPhone = "UIInterfaceOrientationPortrait UIInterfaceOrientationLandscapeLeft UIInterfaceOrientationLandscapeRight";
				LD_RUNPATH_SEARCH_PATHS = (
					"$(inherited)",
					"@executable_path/Frameworks",
				);
				MARKETING_VERSION = 1.0;
				PRODUCT_BUNDLE_IDENTIFIER = "Deepali-sabale.Assignment1-Basic-Style";
				PRODUCT_NAME = "$(TARGET_NAME)";
				SWIFT_EMIT_LOC_STRINGS = YES;
				SWIFT_VERSION = 5.0;
				TARGETED_DEVICE_FAMILY = "1,2";
			};
			name = Release;
		};
/* End XCBuildConfiguration section */

/* Begin XCConfigurationList section */
		84383EBB2B94A3B8007AD003 /* Build configuration list for PBXProject "Assignment1_Basic_Style" */ = {
			isa = XCConfigurationList;
			buildConfigurations = (
				84383ED22B94A3BA007AD003 /* Debug */,
				84383ED32B94A3BA007AD003 /* Release */,
			);
			defaultConfigurationIsVisible = 0;
			defaultConfigurationName = Release;
		};
		84383ED42B94A3BA007AD003 /* Build configuration list for PBXNativeTarget "Assignment1_Basic_Style" */ = {
			isa = XCConfigurationList;
			buildConfigurations = (
				84383ED52B94A3BA007AD003 /* Debug */,
				84383ED62B94A3BA007AD003 /* Release */,
			);
			defaultConfigurationIsVisible = 0;
			defaultConfigurationName = Release;
		};
/* End XCConfigurationList section */
	};
	rootObject = 84383EB82B94A3B8007AD003 /* Project object */;
}
